
Microsoft Visual Studio Solution File, Format Version 12.00
# Visual Studio Version 17
VisualStudioVersion = 17.4.33213.308
MinimumVisualStudioVersion = 10.0.40219.1
Project("{FAE04EC0-301F-11D3-BF4B-00C04F79EFBC}") = "TestProject", "TestProject\TestProject.csproj", "{0E661175-97FC-4FAE-BE88-3D17FADDF41E}"
EndProject
Project("{FAE04EC0-301F-11D3-BF4B-00C04F79EFBC}") = "ConsoleApp", "ConsoleApp\ConsoleApp.csproj", "{B963C819-D82D-4A95-B60E-4EB25A2A8AB9}"
EndProject
Global
	GlobalSection(SolutionConfigurationPlatforms) = preSolution
		Debug|Any CPU = Debug|Any CPU
		Release|Any CPU = Release|Any CPU
	EndGlobalSection
	GlobalSection(ProjectConfigurationPlatforms) = postSolution
		{0E661175-97FC-4FAE-BE88-3D17FADDF41E}.Debug|Any CPU.ActiveCfg = Debug|Any CPU
		{0E661175-97FC-4FAE-BE88-3D17FADDF41E}.Debug|Any CPU.Build.0 = Debug|Any CPU
		{0E661175-97FC-4FAE-BE88-3D17FADDF41E}.Release|Any CPU.ActiveCfg = Release|Any CPU
		{0E661175-97FC-4FAE-BE88-3D17FADDF41E}.Release|Any CPU.Build.0 = Release|Any CPU
		{B963C819-D82D-4A95-B60E-4EB25A2A8AB9}.Debug|Any CPU.ActiveCfg = Debug|Any CPU
		{B963C819-D82D-4A95-B60E-4EB25A2A8AB9}.Debug|Any CPU.Build.0 = Debug|Any CPU
		{B963C819-D82D-4A95-B60E-4EB25A2A8AB9}.Release|Any CPU.ActiveCfg = Release|Any CPU
		{B963C819-D82D-4A95-B60E-4EB25A2A8AB9}.Release|Any CPU.Build.0 = Release|Any CPU
	EndGlobalSection
	GlobalSection(SolutionProperties) = preSolution
		HideSolutionNode = FALSE
	EndGlobalSection
	GlobalSection(ExtensibilityGlobals) = postSolution
		SolutionGuid = {7BB95209-DE81-41FD-8B74-5496515D8E8A}
	EndGlobalSection
EndGlobal
